// !$*UTF8*$!
{
	archiveVersion = 1;
	classes = {
	};
	objectVersion = 46;
	objects = {

/* Begin PBXBuildFile section */
		4166D8962761C15900A0290A /* TDCBanner.swift in Sources */ = {isa = PBXBuildFile; fileRef = 4166D87C2761C15900A0290A /* TDCBanner.swift */; };
		4166D8972761C15900A0290A /* BannerView.swift in Sources */ = {isa = PBXBuildFile; fileRef = 4166D87E2761C15900A0290A /* BannerView.swift */; };
		4166D8982761C15900A0290A /* BannerSamples.swift in Sources */ = {isa = PBXBuildFile; fileRef = 4166D87F2761C15900A0290A /* BannerSamples.swift */; };
		4166D8992761C15900A0290A /* BannerData.swift in Sources */ = {isa = PBXBuildFile; fileRef = 4166D8802761C15900A0290A /* BannerData.swift */; };
		4166D89A2761C15900A0290A /* BannerType.swift in Sources */ = {isa = PBXBuildFile; fileRef = 4166D8812761C15900A0290A /* BannerType.swift */; };
		4166D89B2761C15900A0290A /* BannerPosition.swift in Sources */ = {isa = PBXBuildFile; fileRef = 4166D8822761C15900A0290A /* BannerPosition.swift */; };
		4166D89C2761C15900A0290A /* BannerService.swift in Sources */ = {isa = PBXBuildFile; fileRef = 4166D8832761C15900A0290A /* BannerService.swift */; };
		4166D89D2761C15900A0290A /* Extensions.swift in Sources */ = {isa = PBXBuildFile; fileRef = 4166D8852761C15900A0290A /* Extensions.swift */; };
		4166D89E2761C15900A0290A /* Icons.swift in Sources */ = {isa = PBXBuildFile; fileRef = 4166D8862761C15900A0290A /* Icons.swift */; };
		4166D89F2761C15900A0290A /* ConditionalIfModifier.swift in Sources */ = {isa = PBXBuildFile; fileRef = 4166D8872761C15900A0290A /* ConditionalIfModifier.swift */; };
		4166D8A02761C15900A0290A /* Core.swift in Sources */ = {isa = PBXBuildFile; fileRef = 4166D8882761C15900A0290A /* Core.swift */; };
		4166D8A12761C15900A0290A /* AirBnb.swift in Sources */ = {isa = PBXBuildFile; fileRef = 4166D8892761C15900A0290A /* AirBnb.swift */; };
		4166D8A22761C15900A0290A /* Color.swift in Sources */ = {isa = PBXBuildFile; fileRef = 4166D88A2761C15900A0290A /* Color.swift */; };
		4166D8A32761C15900A0290A /* Triangle.swift in Sources */ = {isa = PBXBuildFile; fileRef = 4166D88B2761C15900A0290A /* Triangle.swift */; };
		4166D8A42761C15900A0290A /* AirbnbCerealBold.ttf in Resources */ = {isa = PBXBuildFile; fileRef = 4166D88D2761C15900A0290A /* AirbnbCerealBold.ttf */; };
		4166D8A52761C15900A0290A /* AirbnbCerealBook.ttf in Resources */ = {isa = PBXBuildFile; fileRef = 4166D88E2761C15900A0290A /* AirbnbCerealBook.ttf */; };
		4166D8A62761C15900A0290A /* AirbnbCerealBlack.ttf in Resources */ = {isa = PBXBuildFile; fileRef = 4166D88F2761C15900A0290A /* AirbnbCerealBlack.ttf */; };
		4166D8A72761C15900A0290A /* AirbnbCerealExtraBold.ttf in Resources */ = {isa = PBXBuildFile; fileRef = 4166D8902761C15900A0290A /* AirbnbCerealExtraBold.ttf */; };
		4166D8A82761C15900A0290A /* AirbnbCerealMedium.ttf in Resources */ = {isa = PBXBuildFile; fileRef = 4166D8912761C15900A0290A /* AirbnbCerealMedium.ttf */; };
		4166D8A92761C15900A0290A /* AirbnbCerealLight.ttf in Resources */ = {isa = PBXBuildFile; fileRef = 4166D8922761C15900A0290A /* AirbnbCerealLight.ttf */; };
		4166D8AA2761C15900A0290A /* ContentView.swift in Sources */ = {isa = PBXBuildFile; fileRef = 4166D8932761C15900A0290A /* ContentView.swift */; };
		4166D8AB2761C15900A0290A /* Preview Assets.xcassets in Resources */ = {isa = PBXBuildFile; fileRef = 4166D8952761C15900A0290A /* Preview Assets.xcassets */; };
		607FACDD1AFB9204008FA782 /* Images.xcassets in Resources */ = {isa = PBXBuildFile; fileRef = 607FACDC1AFB9204008FA782 /* Images.xcassets */; };
		607FACE01AFB9204008FA782 /* LaunchScreen.xib in Resources */ = {isa = PBXBuildFile; fileRef = 607FACDE1AFB9204008FA782 /* LaunchScreen.xib */; };
		607FACEC1AFB9204008FA782 /* Tests.swift in Sources */ = {isa = PBXBuildFile; fileRef = 607FACEB1AFB9204008FA782 /* Tests.swift */; };
		81B3B1E6E8FE57FA57D77079 /* Pods_TDCBanner_Example.framework in Frameworks */ = {isa = PBXBuildFile; fileRef = E50B88496B7DACB18446B7A8 /* Pods_TDCBanner_Example.framework */; };
		B28A3C35EA8C6B2FF5A1F367 /* Pods_TDCBanner_Tests.framework in Frameworks */ = {isa = PBXBuildFile; fileRef = 93684C7B4FC681EACA71E4BE /* Pods_TDCBanner_Tests.framework */; };
/* End PBXBuildFile section */

/* Begin PBXContainerItemProxy section */
		607FACE61AFB9204008FA782 /* PBXContainerItemProxy */ = {
			isa = PBXContainerItemProxy;
			containerPortal = 607FACC81AFB9204008FA782 /* Project object */;
			proxyType = 1;
			remoteGlobalIDString = 607FACCF1AFB9204008FA782;
			remoteInfo = TDCBanner;
		};
/* End PBXContainerItemProxy section */

/* Begin PBXFileReference section */
		0CA7022BCF0C586F40A7052E /* Pods-TDCBanner_Tests.release.xcconfig */ = {isa = PBXFileReference; includeInIndex = 1; lastKnownFileType = text.xcconfig; name = "Pods-TDCBanner_Tests.release.xcconfig"; path = "Target Support Files/Pods-TDCBanner_Tests/Pods-TDCBanner_Tests.release.xcconfig"; sourceTree = "<group>"; };
		22C5229CA693C50E620E3184 /* Pods-TDCBanner_Example.release.xcconfig */ = {isa = PBXFileReference; includeInIndex = 1; lastKnownFileType = text.xcconfig; name = "Pods-TDCBanner_Example.release.xcconfig"; path = "Target Support Files/Pods-TDCBanner_Example/Pods-TDCBanner_Example.release.xcconfig"; sourceTree = "<group>"; };
		4166D87C2761C15900A0290A /* TDCBanner.swift */ = {isa = PBXFileReference; fileEncoding = 4; lastKnownFileType = sourcecode.swift; path = TDCBanner.swift; sourceTree = "<group>"; };
		4166D87E2761C15900A0290A /* BannerView.swift */ = {isa = PBXFileReference; fileEncoding = 4; lastKnownFileType = sourcecode.swift; path = BannerView.swift; sourceTree = "<group>"; };
		4166D87F2761C15900A0290A /* BannerSamples.swift */ = {isa = PBXFileReference; fileEncoding = 4; lastKnownFileType = sourcecode.swift; path = BannerSamples.swift; sourceTree = "<group>"; };
		4166D8802761C15900A0290A /* BannerData.swift */ = {isa = PBXFileReference; fileEncoding = 4; lastKnownFileType = sourcecode.swift; path = BannerData.swift; sourceTree = "<group>"; };
		4166D8812761C15900A0290A /* BannerType.swift */ = {isa = PBXFileReference; fileEncoding = 4; lastKnownFileType = sourcecode.swift; path = BannerType.swift; sourceTree = "<group>"; };
		4166D8822761C15900A0290A /* BannerPosition.swift */ = {isa = PBXFileReference; fileEncoding = 4; lastKnownFileType = sourcecode.swift; path = BannerPosition.swift; sourceTree = "<group>"; };
		4166D8832761C15900A0290A /* BannerService.swift */ = {isa = PBXFileReference; fileEncoding = 4; lastKnownFileType = sourcecode.swift; path = BannerService.swift; sourceTree = "<group>"; };
		4166D8852761C15900A0290A /* Extensions.swift */ = {isa = PBXFileReference; fileEncoding = 4; lastKnownFileType = sourcecode.swift; path = Extensions.swift; sourceTree = "<group>"; };
		4166D8862761C15900A0290A /* Icons.swift */ = {isa = PBXFileReference; fileEncoding = 4; lastKnownFileType = sourcecode.swift; path = Icons.swift; sourceTree = "<group>"; };
		4166D8872761C15900A0290A /* ConditionalIfModifier.swift */ = {isa = PBXFileReference; fileEncoding = 4; lastKnownFileType = sourcecode.swift; path = ConditionalIfModifier.swift; sourceTree = "<group>"; };
		4166D8882761C15900A0290A /* Core.swift */ = {isa = PBXFileReference; fileEncoding = 4; lastKnownFileType = sourcecode.swift; path = Core.swift; sourceTree = "<group>"; };
		4166D8892761C15900A0290A /* AirBnb.swift */ = {isa = PBXFileReference; fileEncoding = 4; lastKnownFileType = sourcecode.swift; path = AirBnb.swift; sourceTree = "<group>"; };
		4166D88A2761C15900A0290A /* Color.swift */ = {isa = PBXFileReference; fileEncoding = 4; lastKnownFileType = sourcecode.swift; path = Color.swift; sourceTree = "<group>"; };
		4166D88B2761C15900A0290A /* Triangle.swift */ = {isa = PBXFileReference; fileEncoding = 4; lastKnownFileType = sourcecode.swift; path = Triangle.swift; sourceTree = "<group>"; };
		4166D88D2761C15900A0290A /* AirbnbCerealBold.ttf */ = {isa = PBXFileReference; lastKnownFileType = file; path = AirbnbCerealBold.ttf; sourceTree = "<group>"; };
		4166D88E2761C15900A0290A /* AirbnbCerealBook.ttf */ = {isa = PBXFileReference; lastKnownFileType = file; path = AirbnbCerealBook.ttf; sourceTree = "<group>"; };
		4166D88F2761C15900A0290A /* AirbnbCerealBlack.ttf */ = {isa = PBXFileReference; lastKnownFileType = file; path = AirbnbCerealBlack.ttf; sourceTree = "<group>"; };
		4166D8902761C15900A0290A /* AirbnbCerealExtraBold.ttf */ = {isa = PBXFileReference; lastKnownFileType = file; path = AirbnbCerealExtraBold.ttf; sourceTree = "<group>"; };
		4166D8912761C15900A0290A /* AirbnbCerealMedium.ttf */ = {isa = PBXFileReference; lastKnownFileType = file; path = AirbnbCerealMedium.ttf; sourceTree = "<group>"; };
		4166D8922761C15900A0290A /* AirbnbCerealLight.ttf */ = {isa = PBXFileReference; lastKnownFileType = file; path = AirbnbCerealLight.ttf; sourceTree = "<group>"; };
		4166D8932761C15900A0290A /* ContentView.swift */ = {isa = PBXFileReference; fileEncoding = 4; lastKnownFileType = sourcecode.swift; path = ContentView.swift; sourceTree = "<group>"; };
		4166D8952761C15900A0290A /* Preview Assets.xcassets */ = {isa = PBXFileReference; lastKnownFileType = folder.assetcatalog; path = "Preview Assets.xcassets"; sourceTree = "<group>"; };
		41FE98B329D688D485B9FDDE /* LICENSE */ = {isa = PBXFileReference; includeInIndex = 1; lastKnownFileType = text; name = LICENSE; path = ../LICENSE; sourceTree = "<group>"; };
		607FACD01AFB9204008FA782 /* TDCBanner_Example.app */ = {isa = PBXFileReference; explicitFileType = wrapper.application; includeInIndex = 0; path = TDCBanner_Example.app; sourceTree = BUILT_PRODUCTS_DIR; };
		607FACD41AFB9204008FA782 /* Info.plist */ = {isa = PBXFileReference; lastKnownFileType = text.plist.xml; path = Info.plist; sourceTree = "<group>"; };
		607FACDC1AFB9204008FA782 /* Images.xcassets */ = {isa = PBXFileReference; lastKnownFileType = folder.assetcatalog; path = Images.xcassets; sourceTree = "<group>"; };
		607FACDF1AFB9204008FA782 /* Base */ = {isa = PBXFileReference; lastKnownFileType = file.xib; name = Base; path = Base.lproj/LaunchScreen.xib; sourceTree = "<group>"; };
		607FACE51AFB9204008FA782 /* TDCBanner_Tests.xctest */ = {isa = PBXFileReference; explicitFileType = wrapper.cfbundle; includeInIndex = 0; path = TDCBanner_Tests.xctest; sourceTree = BUILT_PRODUCTS_DIR; };
		607FACEA1AFB9204008FA782 /* Info.plist */ = {isa = PBXFileReference; lastKnownFileType = text.plist.xml; path = Info.plist; sourceTree = "<group>"; };
		607FACEB1AFB9204008FA782 /* Tests.swift */ = {isa = PBXFileReference; lastKnownFileType = sourcecode.swift; path = Tests.swift; sourceTree = "<group>"; };
		83903B2C1EF6A47E2EB698E4 /* TDCBanner.podspec */ = {isa = PBXFileReference; includeInIndex = 1; lastKnownFileType = text; name = TDCBanner.podspec; path = ../TDCBanner.podspec; sourceTree = "<group>"; };
		90B526FBE9B06749DE2D4C2B /* README.md */ = {isa = PBXFileReference; includeInIndex = 1; lastKnownFileType = net.daringfireball.markdown; name = README.md; path = ../README.md; sourceTree = "<group>"; };
		93684C7B4FC681EACA71E4BE /* Pods_TDCBanner_Tests.framework */ = {isa = PBXFileReference; explicitFileType = wrapper.framework; includeInIndex = 0; path = Pods_TDCBanner_Tests.framework; sourceTree = BUILT_PRODUCTS_DIR; };
		C2458000D849F504F02E7177 /* Pods-TDCBanner_Example.debug.xcconfig */ = {isa = PBXFileReference; includeInIndex = 1; lastKnownFileType = text.xcconfig; name = "Pods-TDCBanner_Example.debug.xcconfig"; path = "Target Support Files/Pods-TDCBanner_Example/Pods-TDCBanner_Example.debug.xcconfig"; sourceTree = "<group>"; };
		DE9E98B7774220841919ED53 /* Pods-TDCBanner_Tests.debug.xcconfig */ = {isa = PBXFileReference; includeInIndex = 1; lastKnownFileType = text.xcconfig; name = "Pods-TDCBanner_Tests.debug.xcconfig"; path = "Target Support Files/Pods-TDCBanner_Tests/Pods-TDCBanner_Tests.debug.xcconfig"; sourceTree = "<group>"; };
		E50B88496B7DACB18446B7A8 /* Pods_TDCBanner_Example.framework */ = {isa = PBXFileReference; explicitFileType = wrapper.framework; includeInIndex = 0; path = Pods_TDCBanner_Example.framework; sourceTree = BUILT_PRODUCTS_DIR; };
/* End PBXFileReference section */

/* Begin PBXFrameworksBuildPhase section */
		607FACCD1AFB9204008FA782 /* Frameworks */ = {
			isa = PBXFrameworksBuildPhase;
			buildActionMask = 2147483647;
			files = (
				81B3B1E6E8FE57FA57D77079 /* Pods_TDCBanner_Example.framework in Frameworks */,
			);
			runOnlyForDeploymentPostprocessing = 0;
		};
		607FACE21AFB9204008FA782 /* Frameworks */ = {
			isa = PBXFrameworksBuildPhase;
			buildActionMask = 2147483647;
			files = (
				B28A3C35EA8C6B2FF5A1F367 /* Pods_TDCBanner_Tests.framework in Frameworks */,
			);
			runOnlyForDeploymentPostprocessing = 0;
		};
/* End PBXFrameworksBuildPhase section */

/* Begin PBXGroup section */
		4166D87D2761C15900A0290A /* Banner */ = {
			isa = PBXGroup;
			children = (
				4166D87E2761C15900A0290A /* BannerView.swift */,
				4166D87F2761C15900A0290A /* BannerSamples.swift */,
				4166D8802761C15900A0290A /* BannerData.swift */,
				4166D8812761C15900A0290A /* BannerType.swift */,
				4166D8822761C15900A0290A /* BannerPosition.swift */,
				4166D8832761C15900A0290A /* BannerService.swift */,
				4166D8842761C15900A0290A /* Helpers */,
			);
			path = Banner;
			sourceTree = "<group>";
		};
		4166D8842761C15900A0290A /* Helpers */ = {
			isa = PBXGroup;
			children = (
				4166D8852761C15900A0290A /* Extensions.swift */,
				4166D8862761C15900A0290A /* Icons.swift */,
				4166D8872761C15900A0290A /* ConditionalIfModifier.swift */,
				4166D8882761C15900A0290A /* Core.swift */,
				4166D8892761C15900A0290A /* AirBnb.swift */,
				4166D88A2761C15900A0290A /* Color.swift */,
				4166D88B2761C15900A0290A /* Triangle.swift */,
			);
			path = Helpers;
			sourceTree = "<group>";
		};
		4166D88C2761C15900A0290A /* Fonts */ = {
			isa = PBXGroup;
			children = (
				4166D88D2761C15900A0290A /* AirbnbCerealBold.ttf */,
				4166D88E2761C15900A0290A /* AirbnbCerealBook.ttf */,
				4166D88F2761C15900A0290A /* AirbnbCerealBlack.ttf */,
				4166D8902761C15900A0290A /* AirbnbCerealExtraBold.ttf */,
				4166D8912761C15900A0290A /* AirbnbCerealMedium.ttf */,
				4166D8922761C15900A0290A /* AirbnbCerealLight.ttf */,
			);
			path = Fonts;
			sourceTree = "<group>";
		};
		4166D8942761C15900A0290A /* Preview Content */ = {
			isa = PBXGroup;
			children = (
				4166D8952761C15900A0290A /* Preview Assets.xcassets */,
			);
			path = "Preview Content";
			sourceTree = "<group>";
		};
		5BC42FD75D8B059757D0D7A9 /* Pods */ = {
			isa = PBXGroup;
			children = (
				C2458000D849F504F02E7177 /* Pods-TDCBanner_Example.debug.xcconfig */,
				22C5229CA693C50E620E3184 /* Pods-TDCBanner_Example.release.xcconfig */,
				DE9E98B7774220841919ED53 /* Pods-TDCBanner_Tests.debug.xcconfig */,
				0CA7022BCF0C586F40A7052E /* Pods-TDCBanner_Tests.release.xcconfig */,
			);
			path = Pods;
			sourceTree = "<group>";
		};
		607FACC71AFB9204008FA782 = {
			isa = PBXGroup;
			children = (
				607FACF51AFB993E008FA782 /* Podspec Metadata */,
				607FACD21AFB9204008FA782 /* Example for TDCBanner */,
				607FACE81AFB9204008FA782 /* Tests */,
				607FACD11AFB9204008FA782 /* Products */,
				5BC42FD75D8B059757D0D7A9 /* Pods */,
				D0A58B8CEBDBA220B8F25162 /* Frameworks */,
			);
			sourceTree = "<group>";
		};
		607FACD11AFB9204008FA782 /* Products */ = {
			isa = PBXGroup;
			children = (
				607FACD01AFB9204008FA782 /* TDCBanner_Example.app */,
				607FACE51AFB9204008FA782 /* TDCBanner_Tests.xctest */,
			);
			name = Products;
			sourceTree = "<group>";
		};
		607FACD21AFB9204008FA782 /* Example for TDCBanner */ = {
			isa = PBXGroup;
			children = (
				4166D87C2761C15900A0290A /* TDCBanner.swift */,
				4166D8932761C15900A0290A /* ContentView.swift */,
				4166D87D2761C15900A0290A /* Banner */,
				4166D88C2761C15900A0290A /* Fonts */,
				4166D8942761C15900A0290A /* Preview Content */,
				607FACDC1AFB9204008FA782 /* Images.xcassets */,
				607FACDE1AFB9204008FA782 /* LaunchScreen.xib */,
				607FACD31AFB9204008FA782 /* Supporting Files */,
			);
			name = "Example for TDCBanner";
			path = TDCBanner;
			sourceTree = "<group>";
		};
		607FACD31AFB9204008FA782 /* Supporting Files */ = {
			isa = PBXGroup;
			children = (
				607FACD41AFB9204008FA782 /* Info.plist */,
			);
			name = "Supporting Files";
			sourceTree = "<group>";
		};
		607FACE81AFB9204008FA782 /* Tests */ = {
			isa = PBXGroup;
			children = (
				607FACEB1AFB9204008FA782 /* Tests.swift */,
				607FACE91AFB9204008FA782 /* Supporting Files */,
			);
			path = Tests;
			sourceTree = "<group>";
		};
		607FACE91AFB9204008FA782 /* Supporting Files */ = {
			isa = PBXGroup;
			children = (
				607FACEA1AFB9204008FA782 /* Info.plist */,
			);
			name = "Supporting Files";
			sourceTree = "<group>";
		};
		607FACF51AFB993E008FA782 /* Podspec Metadata */ = {
			isa = PBXGroup;
			children = (
				83903B2C1EF6A47E2EB698E4 /* TDCBanner.podspec */,
				90B526FBE9B06749DE2D4C2B /* README.md */,
				41FE98B329D688D485B9FDDE /* LICENSE */,
			);
			name = "Podspec Metadata";
			sourceTree = "<group>";
		};
		D0A58B8CEBDBA220B8F25162 /* Frameworks */ = {
			isa = PBXGroup;
			children = (
				E50B88496B7DACB18446B7A8 /* Pods_TDCBanner_Example.framework */,
				93684C7B4FC681EACA71E4BE /* Pods_TDCBanner_Tests.framework */,
			);
			name = Frameworks;
			sourceTree = "<group>";
		};
/* End PBXGroup section */

/* Begin PBXNativeTarget section */
		607FACCF1AFB9204008FA782 /* TDCBanner_Example */ = {
			isa = PBXNativeTarget;
			buildConfigurationList = 607FACEF1AFB9204008FA782 /* Build configuration list for PBXNativeTarget "TDCBanner_Example" */;
			buildPhases = (
				4578DD9F71F140375EAE6680 /* [CP] Check Pods Manifest.lock */,
				607FACCC1AFB9204008FA782 /* Sources */,
				607FACCD1AFB9204008FA782 /* Frameworks */,
				607FACCE1AFB9204008FA782 /* Resources */,
				50865233B0D3C313A870FDD3 /* [CP] Embed Pods Frameworks */,
			);
			buildRules = (
			);
			dependencies = (
			);
			name = TDCBanner_Example;
			productName = TDCBanner;
			productReference = 607FACD01AFB9204008FA782 /* TDCBanner_Example.app */;
			productType = "com.apple.product-type.application";
		};
		607FACE41AFB9204008FA782 /* TDCBanner_Tests */ = {
			isa = PBXNativeTarget;
			buildConfigurationList = 607FACF21AFB9204008FA782 /* Build configuration list for PBXNativeTarget "TDCBanner_Tests" */;
			buildPhases = (
				86C30F96823DFEA32CA10B72 /* [CP] Check Pods Manifest.lock */,
				607FACE11AFB9204008FA782 /* Sources */,
				607FACE21AFB9204008FA782 /* Frameworks */,
				607FACE31AFB9204008FA782 /* Resources */,
			);
			buildRules = (
			);
			dependencies = (
				607FACE71AFB9204008FA782 /* PBXTargetDependency */,
			);
			name = TDCBanner_Tests;
			productName = Tests;
			productReference = 607FACE51AFB9204008FA782 /* TDCBanner_Tests.xctest */;
			productType = "com.apple.product-type.bundle.unit-test";
		};
/* End PBXNativeTarget section */

/* Begin PBXProject section */
		607FACC81AFB9204008FA782 /* Project object */ = {
			isa = PBXProject;
			attributes = {
				LastSwiftUpdateCheck = 0830;
				LastUpgradeCheck = 0830;
				ORGANIZATIONNAME = CocoaPods;
				TargetAttributes = {
					607FACCF1AFB9204008FA782 = {
						CreatedOnToolsVersion = 6.3.1;
						DevelopmentTeam = JL7UZ93S3L;
						LastSwiftMigration = 1310;
					};
					607FACE41AFB9204008FA782 = {
						CreatedOnToolsVersion = 6.3.1;
						DevelopmentTeam = JL7UZ93S3L;
						LastSwiftMigration = 0900;
						TestTargetID = 607FACCF1AFB9204008FA782;
					};
				};
			};
			buildConfigurationList = 607FACCB1AFB9204008FA782 /* Build configuration list for PBXProject "TDCBanner" */;
			compatibilityVersion = "Xcode 3.2";
			developmentRegion = English;
			hasScannedForEncodings = 0;
			knownRegions = (
				English,
				en,
				Base,
			);
			mainGroup = 607FACC71AFB9204008FA782;
			productRefGroup = 607FACD11AFB9204008FA782 /* Products */;
			projectDirPath = "";
			projectRoot = "";
			targets = (
				607FACCF1AFB9204008FA782 /* TDCBanner_Example */,
				607FACE41AFB9204008FA782 /* TDCBanner_Tests */,
			);
		};
/* End PBXProject section */

/* Begin PBXResourcesBuildPhase section */
		607FACCE1AFB9204008FA782 /* Resources */ = {
			isa = PBXResourcesBuildPhase;
			buildActionMask = 2147483647;
			files = (
				4166D8A42761C15900A0290A /* AirbnbCerealBold.ttf in Resources */,
				4166D8AB2761C15900A0290A /* Preview Assets.xcassets in Resources */,
				4166D8A62761C15900A0290A /* AirbnbCerealBlack.ttf in Resources */,
				4166D8A72761C15900A0290A /* AirbnbCerealExtraBold.ttf in Resources */,
				4166D8A92761C15900A0290A /* AirbnbCerealLight.ttf in Resources */,
				4166D8A52761C15900A0290A /* AirbnbCerealBook.ttf in Resources */,
				4166D8A82761C15900A0290A /* AirbnbCerealMedium.ttf in Resources */,
				607FACE01AFB9204008FA782 /* LaunchScreen.xib in Resources */,
				607FACDD1AFB9204008FA782 /* Images.xcassets in Resources */,
			);
			runOnlyForDeploymentPostprocessing = 0;
		};
		607FACE31AFB9204008FA782 /* Resources */ = {
			isa = PBXResourcesBuildPhase;
			buildActionMask = 2147483647;
			files = (
			);
			runOnlyForDeploymentPostprocessing = 0;
		};
/* End PBXResourcesBuildPhase section */

/* Begin PBXShellScriptBuildPhase section */
		4578DD9F71F140375EAE6680 /* [CP] Check Pods Manifest.lock */ = {
			isa = PBXShellScriptBuildPhase;
			buildActionMask = 2147483647;
			files = (
			);
			inputFileListPaths = (
			);
			inputPaths = (
				"${PODS_PODFILE_DIR_PATH}/Podfile.lock",
				"${PODS_ROOT}/Manifest.lock",
			);
			name = "[CP] Check Pods Manifest.lock";
			outputFileListPaths = (
			);
			outputPaths = (
				"$(DERIVED_FILE_DIR)/Pods-TDCBanner_Example-checkManifestLockResult.txt",
			);
			runOnlyForDeploymentPostprocessing = 0;
			shellPath = /bin/sh;
			shellScript = "diff \"${PODS_PODFILE_DIR_PATH}/Podfile.lock\" \"${PODS_ROOT}/Manifest.lock\" > /dev/null\nif [ $? != 0 ] ; then\n    # print error to STDERR\n    echo \"error: The sandbox is not in sync with the Podfile.lock. Run 'pod install' or update your CocoaPods installation.\" >&2\n    exit 1\nfi\n# This output is used by Xcode 'outputs' to avoid re-running this script phase.\necho \"SUCCESS\" > \"${SCRIPT_OUTPUT_FILE_0}\"\n";
			showEnvVarsInLog = 0;
		};
		50865233B0D3C313A870FDD3 /* [CP] Embed Pods Frameworks */ = {
			isa = PBXShellScriptBuildPhase;
			buildActionMask = 2147483647;
			files = (
			);
			inputPaths = (
				"${PODS_ROOT}/Target Support Files/Pods-TDCBanner_Example/Pods-TDCBanner_Example-frameworks.sh",
				"${BUILT_PRODUCTS_DIR}/TDCBanner/TDCBanner.framework",
			);
			name = "[CP] Embed Pods Frameworks";
			outputPaths = (
				"${TARGET_BUILD_DIR}/${FRAMEWORKS_FOLDER_PATH}/TDCBanner.framework",
			);
			runOnlyForDeploymentPostprocessing = 0;
			shellPath = /bin/sh;
			shellScript = "\"${PODS_ROOT}/Target Support Files/Pods-TDCBanner_Example/Pods-TDCBanner_Example-frameworks.sh\"\n";
			showEnvVarsInLog = 0;
		};
		86C30F96823DFEA32CA10B72 /* [CP] Check Pods Manifest.lock */ = {
			isa = PBXShellScriptBuildPhase;
			buildActionMask = 2147483647;
			files = (
			);
			inputFileListPaths = (
			);
			inputPaths = (
				"${PODS_PODFILE_DIR_PATH}/Podfile.lock",
				"${PODS_ROOT}/Manifest.lock",
			);
			name = "[CP] Check Pods Manifest.lock";
			outputFileListPaths = (
			);
			outputPaths = (
				"$(DERIVED_FILE_DIR)/Pods-TDCBanner_Tests-checkManifestLockResult.txt",
			);
			runOnlyForDeploymentPostprocessing = 0;
			shellPath = /bin/sh;
			shellScript = "diff \"${PODS_PODFILE_DIR_PATH}/Podfile.lock\" \"${PODS_ROOT}/Manifest.lock\" > /dev/null\nif [ $? != 0 ] ; then\n    # print error to STDERR\n    echo \"error: The sandbox is not in sync with the Podfile.lock. Run 'pod install' or update your CocoaPods installation.\" >&2\n    exit 1\nfi\n# This output is used by Xcode 'outputs' to avoid re-running this script phase.\necho \"SUCCESS\" > \"${SCRIPT_OUTPUT_FILE_0}\"\n";
			showEnvVarsInLog = 0;
		};
/* End PBXShellScriptBuildPhase section */

/* Begin PBXSourcesBuildPhase section */
		607FACCC1AFB9204008FA782 /* Sources */ = {
			isa = PBXSourcesBuildPhase;
			buildActionMask = 2147483647;
			files = (
				4166D8972761C15900A0290A /* BannerView.swift in Sources */,
				4166D8982761C15900A0290A /* BannerSamples.swift in Sources */,
				4166D89B2761C15900A0290A /* BannerPosition.swift in Sources */,
				4166D8A02761C15900A0290A /* Core.swift in Sources */,
				4166D8A22761C15900A0290A /* Color.swift in Sources */,
				4166D8A32761C15900A0290A /* Triangle.swift in Sources */,
				4166D89D2761C15900A0290A /* Extensions.swift in Sources */,
				4166D8A12761C15900A0290A /* AirBnb.swift in Sources */,
				4166D89C2761C15900A0290A /* BannerService.swift in Sources */,
				4166D89E2761C15900A0290A /* Icons.swift in Sources */,
				4166D8962761C15900A0290A /* TDCBanner.swift in Sources */,
				4166D8AA2761C15900A0290A /* ContentView.swift in Sources */,
				4166D89A2761C15900A0290A /* BannerType.swift in Sources */,
				4166D89F2761C15900A0290A /* ConditionalIfModifier.swift in Sources */,
				4166D8992761C15900A0290A /* BannerData.swift in Sources */,
			);
			runOnlyForDeploymentPostprocessing = 0;
		};
		607FACE11AFB9204008FA782 /* Sources */ = {
			isa = PBXSourcesBuildPhase;
			buildActionMask = 2147483647;
			files = (
				607FACEC1AFB9204008FA782 /* Tests.swift in Sources */,
			);
			runOnlyForDeploymentPostprocessing = 0;
		};
/* End PBXSourcesBuildPhase section */

/* Begin PBXTargetDependency section */
		607FACE71AFB9204008FA782 /* PBXTargetDependency */ = {
			isa = PBXTargetDependency;
			target = 607FACCF1AFB9204008FA782 /* TDCBanner_Example */;
			targetProxy = 607FACE61AFB9204008FA782 /* PBXContainerItemProxy */;
		};
/* End PBXTargetDependency section */

/* Begin PBXVariantGroup section */
		607FACDE1AFB9204008FA782 /* LaunchScreen.xib */ = {
			isa = PBXVariantGroup;
			children = (
				607FACDF1AFB9204008FA782 /* Base */,
			);
			name = LaunchScreen.xib;
			sourceTree = "<group>";
		};
/* End PBXVariantGroup section */

/* Begin XCBuildConfiguration section */
		607FACED1AFB9204008FA782 /* Debug */ = {
			isa = XCBuildConfiguration;
			buildSettings = {
				ALWAYS_SEARCH_USER_PATHS = NO;
				CLANG_CXX_LANGUAGE_STANDARD = "gnu++0x";
				CLANG_CXX_LIBRARY = "libc++";
				CLANG_ENABLE_MODULES = YES;
				CLANG_ENABLE_OBJC_ARC = YES;
				CLANG_WARN_BLOCK_CAPTURE_AUTORELEASING = YES;
				CLANG_WARN_BOOL_CONVERSION = YES;
				CLANG_WARN_COMMA = YES;
				CLANG_WARN_CONSTANT_CONVERSION = YES;
				CLANG_WARN_DIRECT_OBJC_ISA_USAGE = YES_ERROR;
				CLANG_WARN_EMPTY_BODY = YES;
				CLANG_WARN_ENUM_CONVERSION = YES;
				CLANG_WARN_INFINITE_RECURSION = YES;
				CLANG_WARN_INT_CONVERSION = YES;
				CLANG_WARN_NON_LITERAL_NULL_CONVERSION = YES;
				CLANG_WARN_OBJC_LITERAL_CONVERSION = YES;
				CLANG_WARN_OBJC_ROOT_CLASS = YES_ERROR;
				CLANG_WARN_RANGE_LOOP_ANALYSIS = YES;
				CLANG_WARN_STRICT_PROTOTYPES = YES;
				CLANG_WARN_SUSPICIOUS_MOVE = YES;
				CLANG_WARN_UNREACHABLE_CODE = YES;
				CLANG_WARN__DUPLICATE_METHOD_MATCH = YES;
				"CODE_SIGN_IDENTITY[sdk=iphoneos*]" = "iPhone Developer";
				COPY_PHASE_STRIP = NO;
				DEBUG_INFORMATION_FORMAT = "dwarf-with-dsym";
				ENABLE_STRICT_OBJC_MSGSEND = YES;
				ENABLE_TESTABILITY = YES;
				GCC_C_LANGUAGE_STANDARD = gnu99;
				GCC_DYNAMIC_NO_PIC = NO;
				GCC_NO_COMMON_BLOCKS = YES;
				GCC_OPTIMIZATION_LEVEL = 0;
				GCC_PREPROCESSOR_DEFINITIONS = (
					"DEBUG=1",
					"$(inherited)",
				);
				GCC_SYMBOLS_PRIVATE_EXTERN = NO;
				GCC_WARN_64_TO_32_BIT_CONVERSION = YES;
				GCC_WARN_ABOUT_RETURN_TYPE = YES_ERROR;
				GCC_WARN_UNDECLARED_SELECTOR = YES;
				GCC_WARN_UNINITIALIZED_AUTOS = YES_AGGRESSIVE;
				GCC_WARN_UNUSED_FUNCTION = YES;
				GCC_WARN_UNUSED_VARIABLE = YES;
				IPHONEOS_DEPLOYMENT_TARGET = 9.3;
				MTL_ENABLE_DEBUG_INFO = YES;
				ONLY_ACTIVE_ARCH = YES;
				SDKROOT = iphoneos;
				SWIFT_OPTIMIZATION_LEVEL = "-Onone";
			};
			name = Debug;
		};
		607FACEE1AFB9204008FA782 /* Release */ = {
			isa = XCBuildConfiguration;
			buildSettings = {
				ALWAYS_SEARCH_USER_PATHS = NO;
				CLANG_CXX_LANGUAGE_STANDARD = "gnu++0x";
				CLANG_CXX_LIBRARY = "libc++";
				CLANG_ENABLE_MODULES = YES;
				CLANG_ENABLE_OBJC_ARC = YES;
				CLANG_WARN_BLOCK_CAPTURE_AUTORELEASING = YES;
				CLANG_WARN_BOOL_CONVERSION = YES;
				CLANG_WARN_COMMA = YES;
				CLANG_WARN_CONSTANT_CONVERSION = YES;
				CLANG_WARN_DIRECT_OBJC_ISA_USAGE = YES_ERROR;
				CLANG_WARN_EMPTY_BODY = YES;
				CLANG_WARN_ENUM_CONVERSION = YES;
				CLANG_WARN_INFINITE_RECURSION = YES;
				CLANG_WARN_INT_CONVERSION = YES;
				CLANG_WARN_NON_LITERAL_NULL_CONVERSION = YES;
				CLANG_WARN_OBJC_LITERAL_CONVERSION = YES;
				CLANG_WARN_OBJC_ROOT_CLASS = YES_ERROR;
				CLANG_WARN_RANGE_LOOP_ANALYSIS = YES;
				CLANG_WARN_STRICT_PROTOTYPES = YES;
				CLANG_WARN_SUSPICIOUS_MOVE = YES;
				CLANG_WARN_UNREACHABLE_CODE = YES;
				CLANG_WARN__DUPLICATE_METHOD_MATCH = YES;
				"CODE_SIGN_IDENTITY[sdk=iphoneos*]" = "iPhone Developer";
				COPY_PHASE_STRIP = NO;
				DEBUG_INFORMATION_FORMAT = "dwarf-with-dsym";
				ENABLE_NS_ASSERTIONS = NO;
				ENABLE_STRICT_OBJC_MSGSEND = YES;
				GCC_C_LANGUAGE_STANDARD = gnu99;
				GCC_NO_COMMON_BLOCKS = YES;
				GCC_WARN_64_TO_32_BIT_CONVERSION = YES;
				GCC_WARN_ABOUT_RETURN_TYPE = YES_ERROR;
				GCC_WARN_UNDECLARED_SELECTOR = YES;
				GCC_WARN_UNINITIALIZED_AUTOS = YES_AGGRESSIVE;
				GCC_WARN_UNUSED_FUNCTION = YES;
				GCC_WARN_UNUSED_VARIABLE = YES;
				IPHONEOS_DEPLOYMENT_TARGET = 9.3;
				MTL_ENABLE_DEBUG_INFO = NO;
				SDKROOT = iphoneos;
				SWIFT_OPTIMIZATION_LEVEL = "-Owholemodule";
				VALIDATE_PRODUCT = YES;
			};
			name = Release;
		};
		607FACF01AFB9204008FA782 /* Debug */ = {
			isa = XCBuildConfiguration;
			baseConfigurationReference = C2458000D849F504F02E7177 /* Pods-TDCBanner_Example.debug.xcconfig */;
			buildSettings = {
				ASSETCATALOG_COMPILER_APPICON_NAME = AppIcon;
				CLANG_ENABLE_MODULES = YES;
				DEVELOPMENT_TEAM = JL7UZ93S3L;
				INFOPLIST_FILE = TDCBanner/Info.plist;
				IPHONEOS_DEPLOYMENT_TARGET = 15.0;
				LD_RUNPATH_SEARCH_PATHS = "$(inherited) @executable_path/Frameworks";
				MODULE_NAME = ExampleApp;
				PRODUCT_BUNDLE_IDENTIFIER = "org.cocoapods.demo.$(PRODUCT_NAME:rfc1034identifier)";
				PRODUCT_NAME = "$(TARGET_NAME)";
				SWIFT_OPTIMIZATION_LEVEL = "-Onone";
				SWIFT_SWIFT3_OBJC_INFERENCE = Default;
				SWIFT_VERSION = 4.0;
			};
			name = Debug;
		};
		607FACF11AFB9204008FA782 /* Release */ = {
			isa = XCBuildConfiguration;
			baseConfigurationReference = 22C5229CA693C50E620E3184 /* Pods-TDCBanner_Example.release.xcconfig */;
			buildSettings = {
				ASSETCATALOG_COMPILER_APPICON_NAME = AppIcon;
				CLANG_ENABLE_MODULES = YES;
				DEVELOPMENT_TEAM = JL7UZ93S3L;
				INFOPLIST_FILE = TDCBanner/Info.plist;
				IPHONEOS_DEPLOYMENT_TARGET = 15.0;
				LD_RUNPATH_SEARCH_PATHS = "$(inherited) @executable_path/Frameworks";
				MODULE_NAME = ExampleApp;
				PRODUCT_BUNDLE_IDENTIFIER = "org.cocoapods.demo.$(PRODUCT_NAME:rfc1034identifier)";
				PRODUCT_NAME = "$(TARGET_NAME)";
				SWIFT_SWIFT3_OBJC_INFERENCE = Default;
				SWIFT_VERSION = 4.0;
			};
			name = Release;
		};
		607FACF31AFB9204008FA782 /* Debug */ = {
			isa = XCBuildConfiguration;
			baseConfigurationReference = DE9E98B7774220841919ED53 /* Pods-TDCBanner_Tests.debug.xcconfig */;
			buildSettings = {
				ALWAYS_EMBED_SWIFT_STANDARD_LIBRARIES = YES;
				DEVELOPMENT_TEAM = JL7UZ93S3L;
				FRAMEWORK_SEARCH_PATHS = (
					"$(PLATFORM_DIR)/Developer/Library/Frameworks",
					"$(inherited)",
				);
				GCC_PREPROCESSOR_DEFINITIONS = (
					"DEBUG=1",
					"$(inherited)",
				);
				INFOPLIST_FILE = Tests/Info.plist;
				LD_RUNPATH_SEARCH_PATHS = "$(inherited) @executable_path/Frameworks @loader_path/Frameworks";
				PRODUCT_BUNDLE_IDENTIFIER = "org.cocoapods.$(PRODUCT_NAME:rfc1034identifier)";
				PRODUCT_NAME = "$(TARGET_NAME)";
				SWIFT_SWIFT3_OBJC_INFERENCE = Default;
				SWIFT_VERSION = 4.0;
				TEST_HOST = "$(BUILT_PRODUCTS_DIR)/TDCBanner_Example.app/TDCBanner_Example";
			};
			name = Debug;
		};
		607FACF41AFB9204008FA782 /* Release */ = {
			isa = XCBuildConfiguration;
			baseConfigurationReference = 0CA7022BCF0C586F40A7052E /* Pods-TDCBanner_Tests.release.xcconfig */;
			buildSettings = {
				ALWAYS_EMBED_SWIFT_STANDARD_LIBRARIES = YES;
				DEVELOPMENT_TEAM = JL7UZ93S3L;
				FRAMEWORK_SEARCH_PATHS = (
					"$(PLATFORM_DIR)/Developer/Library/Frameworks",
					"$(inherited)",
				);
				INFOPLIST_FILE = Tests/Info.plist;
				LD_RUNPATH_SEARCH_PATHS = "$(inherited) @executable_path/Frameworks @loader_path/Frameworks";
				PRODUCT_BUNDLE_IDENTIFIER = "org.cocoapods.$(PRODUCT_NAME:rfc1034identifier)";
				PRODUCT_NAME = "$(TARGET_NAME)";
				SWIFT_SWIFT3_OBJC_INFERENCE = Default;
				SWIFT_VERSION = 4.0;
				TEST_HOST = "$(BUILT_PRODUCTS_DIR)/TDCBanner_Example.app/TDCBanner_Example";
			};
			name = Release;
		};
/* End XCBuildConfiguration section */

/* Begin XCConfigurationList section */
		607FACCB1AFB9204008FA782 /* Build configuration list for PBXProject "TDCBanner" */ = {
			isa = XCConfigurationList;
			buildConfigurations = (
				607FACED1AFB9204008FA782 /* Debug */,
				607FACEE1AFB9204008FA782 /* Release */,
			);
			defaultConfigurationIsVisible = 0;
			defaultConfigurationName = Release;
		};
		607FACEF1AFB9204008FA782 /* Build configuration list for PBXNativeTarget "TDCBanner_Example" */ = {
			isa = XCConfigurationList;
			buildConfigurations = (
				607FACF01AFB9204008FA782 /* Debug */,
				607FACF11AFB9204008FA782 /* Release */,
			);
			defaultConfigurationIsVisible = 0;
			defaultConfigurationName = Release;
		};
		607FACF21AFB9204008FA782 /* Build configuration list for PBXNativeTarget "TDCBanner_Tests" */ = {
			isa = XCConfigurationList;
			buildConfigurations = (
				607FACF31AFB9204008FA782 /* Debug */,
				607FACF41AFB9204008FA782 /* Release */,
			);
			defaultConfigurationIsVisible = 0;
			defaultConfigurationName = Release;
		};
/* End XCConfigurationList section */
	};
	rootObject = 607FACC81AFB9204008FA782 /* Project object */;
}
